
Microsoft Visual Studio Solution File, Format Version 12.00
# Visual Studio Version 17
VisualStudioVersion = 17.5.002.0
MinimumVisualStudioVersion = 10.0.40219.1
Project("{9A19103F-16F7-4668-BE54-9A1E7A4F7556}") = "GrpcGreeter", "GrpcGreeter.csproj", "{07BB9CF5-DB75-4CD4-848E-A2ECF5EAA85B}"
EndProject
Global
	GlobalSection(SolutionConfigurationPlatforms) = preSolution
		Debug|Any CPU = Debug|Any CPU
		Release|Any CPU = Release|Any CPU
	EndGlobalSection
	GlobalSection(ProjectConfigurationPlatforms) = postSolution
		{07BB9CF5-DB75-4CD4-848E-A2ECF5EAA85B}.Debug|Any CPU.ActiveCfg = Debug|Any CPU
		{07BB9CF5-DB75-4CD4-848E-A2ECF5EAA85B}.Debug|Any CPU.Build.0 = Debug|Any CPU
		{07BB9CF5-DB75-4CD4-848E-A2ECF5EAA85B}.Release|Any CPU.ActiveCfg = Release|Any CPU
		{07BB9CF5-DB75-4CD4-848E-A2ECF5EAA85B}.Release|Any CPU.Build.0 = Release|Any CPU
	EndGlobalSection
	GlobalSection(SolutionProperties) = preSolution
		HideSolutionNode = FALSE
	EndGlobalSection
	GlobalSection(ExtensibilityGlobals) = postSolution
		SolutionGuid = {03AC5874-F65E-4BDE-9277-31990AB71F25}
	EndGlobalSection
EndGlobal
